github.com/HayoVanLoon/go-commons v0.0.0-20191226132859-04e03d53c164 h1:Wjs8ffuHQyAx0A9safnucAi/p7HKhwBRDA9+Xnmi8dM=
github.com/HayoVanLoon/go-commons v0.0.0-20191226132859-04e03d53c164/go.mod h1:nghygoXFiMuK7Gen04EPI0ihTr3ZaHFpCPMw7B49TPQ=
github.com/HayoVanLoon/go-commons v0.0.0-20191226134923-8bb9a795e25f h1:vZAeeJO8OaB4hEAtSWKGkDMrnyLRx6JCQJq5WlVr9fs=
github.com/HayoVanLoon/go-commons v0.0.0-20191226134923-8bb9a795e25f/go.mod h1:nghygoXFiMuK7Gen04EPI0ihTr3ZaHFpCPMw7B49TPQ=
